
Microsoft Visual Studio Solution File, Format Version 12.00
# Visual Studio Version 17
VisualStudioVersion = 17.5.33424.131
MinimumVisualStudioVersion = 10.0.40219.1
Project("{FAE04EC0-301F-11D3-BF4B-00C04F79EFBC}") = "TopDag", "TopDag\TopDag.csproj", "{EC3DAB1F-64D3-449C-B362-63EEC10FBF66}"
EndProject
Project("{FAE04EC0-301F-11D3-BF4B-00C04F79EFBC}") = "TopDag.Tests", "TopDag.Tests\TopDag.Tests.csproj", "{4B600FCD-DCD0-4DEB-A930-8FF70B39CF3F}"
EndProject
Global
	GlobalSection(SolutionConfigurationPlatforms) = preSolution
		Debug|Any CPU = Debug|Any CPU
		Release|Any CPU = Release|Any CPU
	EndGlobalSection
	GlobalSection(ProjectConfigurationPlatforms) = postSolution
		{EC3DAB1F-64D3-449C-B362-63EEC10FBF66}.Debug|Any CPU.ActiveCfg = Debug|Any CPU
		{EC3DAB1F-64D3-449C-B362-63EEC10FBF66}.Debug|Any CPU.Build.0 = Debug|Any CPU
		{EC3DAB1F-64D3-449C-B362-63EEC10FBF66}.Release|Any CPU.ActiveCfg = Release|Any CPU
		{EC3DAB1F-64D3-449C-B362-63EEC10FBF66}.Release|Any CPU.Build.0 = Release|Any CPU
		{4B600FCD-DCD0-4DEB-A930-8FF70B39CF3F}.Debug|Any CPU.ActiveCfg = Debug|Any CPU
		{4B600FCD-DCD0-4DEB-A930-8FF70B39CF3F}.Debug|Any CPU.Build.0 = Debug|Any CPU
		{4B600FCD-DCD0-4DEB-A930-8FF70B39CF3F}.Release|Any CPU.ActiveCfg = Release|Any CPU
		{4B600FCD-DCD0-4DEB-A930-8FF70B39CF3F}.Release|Any CPU.Build.0 = Release|Any CPU
	EndGlobalSection
	GlobalSection(SolutionProperties) = preSolution
		HideSolutionNode = FALSE
	EndGlobalSection
	GlobalSection(ExtensibilityGlobals) = postSolution
		SolutionGuid = {D5558F4F-73DF-4098-AC4D-28A7A39C28D2}
	EndGlobalSection
EndGlobal
